
Microsoft Visual Studio Solution File, Format Version 12.00
# Visual Studio 2012
Project("{FAE04EC0-301F-11D3-BF4B-00C04F79EFBC}") = "WpfUI", "WpfUI\WpfUI.csproj", "{DFB015E6-B7B4-4A5E-B0F8-395CF0853014}"
EndProject
Project("{FAE04EC0-301F-11D3-BF4B-00C04F79EFBC}") = "MvcUI", "MvcUI\MvcUI.csproj", "{8F087B5A-8CE8-4A10-A579-B97A1E43BA08}"
EndProject
Global
	GlobalSection(SolutionConfigurationPlatforms) = preSolution
		Debug|Any CPU = Debug|Any CPU
		Release|Any CPU = Release|Any CPU
	EndGlobalSection
	GlobalSection(ProjectConfigurationPlatforms) = postSolution
		{DFB015E6-B7B4-4A5E-B0F8-395CF0853014}.Debug|Any CPU.ActiveCfg = Debug|Any CPU
		{DFB015E6-B7B4-4A5E-B0F8-395CF0853014}.Debug|Any CPU.Build.0 = Debug|Any CPU
		{DFB015E6-B7B4-4A5E-B0F8-395CF0853014}.Release|Any CPU.ActiveCfg = Release|Any CPU
		{DFB015E6-B7B4-4A5E-B0F8-395CF0853014}.Release|Any CPU.Build.0 = Release|Any CPU
		{8F087B5A-8CE8-4A10-A579-B97A1E43BA08}.Debug|Any CPU.ActiveCfg = Debug|Any CPU
		{8F087B5A-8CE8-4A10-A579-B97A1E43BA08}.Debug|Any CPU.Build.0 = Debug|Any CPU
		{8F087B5A-8CE8-4A10-A579-B97A1E43BA08}.Release|Any CPU.ActiveCfg = Release|Any CPU
		{8F087B5A-8CE8-4A10-A579-B97A1E43BA08}.Release|Any CPU.Build.0 = Release|Any CPU
	EndGlobalSection
	GlobalSection(SolutionProperties) = preSolution
		HideSolutionNode = FALSE
	EndGlobalSection
EndGlobal
